
Microsoft Visual Studio Solution File, Format Version 12.00
# Visual Studio Version 17
VisualStudioVersion = 17.3.32825.248
MinimumVisualStudioVersion = 10.0.40219.1
Project("{FAE04EC0-301F-11D3-BF4B-00C04F79EFBC}") = "Proceum", "Proceum.csproj", "{0D0E2CA5-DB01-4094-A5BA-329A67ABB2B7}"
EndProject
Project("{54435603-DBB4-11D2-8724-00A0C9A8B90C}") = "ProceumSetup", "..\Proceum.Setup\ProceumSetup.vdproj", "{5C2DEEC8-517D-49B1-810F-12B69E46424D}"
EndProject
Global
	GlobalSection(SolutionConfigurationPlatforms) = preSolution
		Admin|Any CPU = Admin|Any CPU
		Admin|x64 = Admin|x64
		Admin|x86 = Admin|x86
		Customer|Any CPU = Customer|Any CPU
		Customer|x64 = Customer|x64
		Customer|x86 = Customer|x86
		Customer-Cloud|Any CPU = Customer-Cloud|Any CPU
		Customer-Cloud|x64 = Customer-Cloud|x64
		Customer-Cloud|x86 = Customer-Cloud|x86
		Debug|Any CPU = Debug|Any CPU
		Debug|x64 = Debug|x64
		Debug|x86 = Debug|x86
		DEV_PROD|Any CPU = DEV_PROD|Any CPU
		DEV_PROD|x64 = DEV_PROD|x64
		DEV_PROD|x86 = DEV_PROD|x86
		DEV_QA|Any CPU = DEV_QA|Any CPU
		DEV_QA|x64 = DEV_QA|x64
		DEV_QA|x86 = DEV_QA|x86
		Release|Any CPU = Release|Any CPU
		Release|x64 = Release|x64
		Release|x86 = Release|x86
		Support|Any CPU = Support|Any CPU
		Support|x64 = Support|x64
		Support|x86 = Support|x86
		UAT_PROD|Any CPU = UAT_PROD|Any CPU
		UAT_PROD|x64 = UAT_PROD|x64
		UAT_PROD|x86 = UAT_PROD|x86
		UAT_QA|Any CPU = UAT_QA|Any CPU
		UAT_QA|x64 = UAT_QA|x64
		UAT_QA|x86 = UAT_QA|x86
	EndGlobalSection
	GlobalSection(ProjectConfigurationPlatforms) = postSolution
		{0D0E2CA5-DB01-4094-A5BA-329A67ABB2B7}.Admin|Any CPU.ActiveCfg = Admin|Any CPU
		{0D0E2CA5-DB01-4094-A5BA-329A67ABB2B7}.Admin|Any CPU.Build.0 = Admin|Any CPU
		{0D0E2CA5-DB01-4094-A5BA-329A67ABB2B7}.Admin|x64.ActiveCfg = Admin|x64
		{0D0E2CA5-DB01-4094-A5BA-329A67ABB2B7}.Admin|x64.Build.0 = Admin|x64
		{0D0E2CA5-DB01-4094-A5BA-329A67ABB2B7}.Admin|x86.ActiveCfg = Admin|Any CPU
		{0D0E2CA5-DB01-4094-A5BA-329A67ABB2B7}.Admin|x86.Build.0 = Admin|Any CPU
		{0D0E2CA5-DB01-4094-A5BA-329A67ABB2B7}.Customer|Any CPU.ActiveCfg = Customer|Any CPU
		{0D0E2CA5-DB01-4094-A5BA-329A67ABB2B7}.Customer|Any CPU.Build.0 = Customer|Any CPU
		{0D0E2CA5-DB01-4094-A5BA-329A67ABB2B7}.Customer|x64.ActiveCfg = Customer|x64
		{0D0E2CA5-DB01-4094-A5BA-329A67ABB2B7}.Customer|x64.Build.0 = Customer|x64
		{0D0E2CA5-DB01-4094-A5BA-329A67ABB2B7}.Customer|x86.ActiveCfg = Customer|Any CPU
		{0D0E2CA5-DB01-4094-A5BA-329A67ABB2B7}.Customer|x86.Build.0 = Customer|Any CPU
		{0D0E2CA5-DB01-4094-A5BA-329A67ABB2B7}.Customer-Cloud|Any CPU.ActiveCfg = Customer-Cloud|Any CPU
		{0D0E2CA5-DB01-4094-A5BA-329A67ABB2B7}.Customer-Cloud|Any CPU.Build.0 = Customer-Cloud|Any CPU
		{0D0E2CA5-DB01-4094-A5BA-329A67ABB2B7}.Customer-Cloud|x64.ActiveCfg = Customer-Cloud|x64
		{0D0E2CA5-DB01-4094-A5BA-329A67ABB2B7}.Customer-Cloud|x64.Build.0 = Customer-Cloud|x64
		{0D0E2CA5-DB01-4094-A5BA-329A67ABB2B7}.Customer-Cloud|x86.ActiveCfg = Customer-Cloud|x86
		{0D0E2CA5-DB01-4094-A5BA-329A67ABB2B7}.Customer-Cloud|x86.Build.0 = Customer-Cloud|x86
		{0D0E2CA5-DB01-4094-A5BA-329A67ABB2B7}.Debug|Any CPU.ActiveCfg = Debug|Any CPU
		{0D0E2CA5-DB01-4094-A5BA-329A67ABB2B7}.Debug|Any CPU.Build.0 = Debug|Any CPU
		{0D0E2CA5-DB01-4094-A5BA-329A67ABB2B7}.Debug|x64.ActiveCfg = Debug|x64
		{0D0E2CA5-DB01-4094-A5BA-329A67ABB2B7}.Debug|x64.Build.0 = Debug|x64
		{0D0E2CA5-DB01-4094-A5BA-329A67ABB2B7}.Debug|x86.ActiveCfg = Debug|x86
		{0D0E2CA5-DB01-4094-A5BA-329A67ABB2B7}.Debug|x86.Build.0 = Debug|x86
		{0D0E2CA5-DB01-4094-A5BA-329A67ABB2B7}.DEV_PROD|Any CPU.ActiveCfg = DEV_PROD|Any CPU
		{0D0E2CA5-DB01-4094-A5BA-329A67ABB2B7}.DEV_PROD|Any CPU.Build.0 = DEV_PROD|Any CPU
		{0D0E2CA5-DB01-4094-A5BA-329A67ABB2B7}.DEV_PROD|x64.ActiveCfg = DEV_PROD|x64
		{0D0E2CA5-DB01-4094-A5BA-329A67ABB2B7}.DEV_PROD|x64.Build.0 = DEV_PROD|x64
		{0D0E2CA5-DB01-4094-A5BA-329A67ABB2B7}.DEV_PROD|x86.ActiveCfg = DEV_PROD|Win32
		{0D0E2CA5-DB01-4094-A5BA-329A67ABB2B7}.DEV_PROD|x86.Build.0 = DEV_PROD|Win32
		{0D0E2CA5-DB01-4094-A5BA-329A67ABB2B7}.DEV_QA|Any CPU.ActiveCfg = DEV_QA|Any CPU
		{0D0E2CA5-DB01-4094-A5BA-329A67ABB2B7}.DEV_QA|Any CPU.Build.0 = DEV_QA|Any CPU
		{0D0E2CA5-DB01-4094-A5BA-329A67ABB2B7}.DEV_QA|x64.ActiveCfg = DEV_QA|x64
		{0D0E2CA5-DB01-4094-A5BA-329A67ABB2B7}.DEV_QA|x64.Build.0 = DEV_QA|x64
		{0D0E2CA5-DB01-4094-A5BA-329A67ABB2B7}.DEV_QA|x86.ActiveCfg = DEV_QA|Win32
		{0D0E2CA5-DB01-4094-A5BA-329A67ABB2B7}.DEV_QA|x86.Build.0 = DEV_QA|Win32
		{0D0E2CA5-DB01-4094-A5BA-329A67ABB2B7}.Release|Any CPU.ActiveCfg = Release|Any CPU
		{0D0E2CA5-DB01-4094-A5BA-329A67ABB2B7}.Release|Any CPU.Build.0 = Release|Any CPU
		{0D0E2CA5-DB01-4094-A5BA-329A67ABB2B7}.Release|x64.ActiveCfg = Release|x64
		{0D0E2CA5-DB01-4094-A5BA-329A67ABB2B7}.Release|x64.Build.0 = Release|x64
		{0D0E2CA5-DB01-4094-A5BA-329A67ABB2B7}.Release|x86.ActiveCfg = Release|x86
		{0D0E2CA5-DB01-4094-A5BA-329A67ABB2B7}.Release|x86.Build.0 = Release|x86
		{0D0E2CA5-DB01-4094-A5BA-329A67ABB2B7}.Support|Any CPU.ActiveCfg = Support|Any CPU
		{0D0E2CA5-DB01-4094-A5BA-329A67ABB2B7}.Support|Any CPU.Build.0 = Support|Any CPU
		{0D0E2CA5-DB01-4094-A5BA-329A67ABB2B7}.Support|x64.ActiveCfg = Support|x64
		{0D0E2CA5-DB01-4094-A5BA-329A67ABB2B7}.Support|x64.Build.0 = Support|x64
		{0D0E2CA5-DB01-4094-A5BA-329A67ABB2B7}.Support|x86.ActiveCfg = Support|Any CPU
		{0D0E2CA5-DB01-4094-A5BA-329A67ABB2B7}.Support|x86.Build.0 = Support|Any CPU
		{0D0E2CA5-DB01-4094-A5BA-329A67ABB2B7}.UAT_PROD|Any CPU.ActiveCfg = UAT_PROD|Any CPU
		{0D0E2CA5-DB01-4094-A5BA-329A67ABB2B7}.UAT_PROD|Any CPU.Build.0 = UAT_PROD|Any CPU
		{0D0E2CA5-DB01-4094-A5BA-329A67ABB2B7}.UAT_PROD|x64.ActiveCfg = UAT_PROD|x64
		{0D0E2CA5-DB01-4094-A5BA-329A67ABB2B7}.UAT_PROD|x64.Build.0 = UAT_PROD|x64
		{0D0E2CA5-DB01-4094-A5BA-329A67ABB2B7}.UAT_PROD|x86.ActiveCfg = UAT_PROD|Win32
		{0D0E2CA5-DB01-4094-A5BA-329A67ABB2B7}.UAT_PROD|x86.Build.0 = UAT_PROD|Win32
		{0D0E2CA5-DB01-4094-A5BA-329A67ABB2B7}.UAT_QA|Any CPU.ActiveCfg = UAT_QA|Any CPU
		{0D0E2CA5-DB01-4094-A5BA-329A67ABB2B7}.UAT_QA|Any CPU.Build.0 = UAT_QA|Any CPU
		{0D0E2CA5-DB01-4094-A5BA-329A67ABB2B7}.UAT_QA|x64.ActiveCfg = UAT_QA|x64
		{0D0E2CA5-DB01-4094-A5BA-329A67ABB2B7}.UAT_QA|x64.Build.0 = UAT_QA|x64
		{0D0E2CA5-DB01-4094-A5BA-329A67ABB2B7}.UAT_QA|x86.ActiveCfg = UAT_QA|Win32
		{0D0E2CA5-DB01-4094-A5BA-329A67ABB2B7}.UAT_QA|x86.Build.0 = UAT_QA|Win32
		{5C2DEEC8-517D-49B1-810F-12B69E46424D}.Admin|Any CPU.ActiveCfg = DEV_PROD
		{5C2DEEC8-517D-49B1-810F-12B69E46424D}.Admin|Any CPU.Build.0 = DEV_PROD
		{5C2DEEC8-517D-49B1-810F-12B69E46424D}.Admin|x64.ActiveCfg = DEV_PROD
		{5C2DEEC8-517D-49B1-810F-12B69E46424D}.Admin|x64.Build.0 = DEV_PROD
		{5C2DEEC8-517D-49B1-810F-12B69E46424D}.Admin|x86.ActiveCfg = DEV_PROD
		{5C2DEEC8-517D-49B1-810F-12B69E46424D}.Admin|x86.Build.0 = DEV_PROD
		{5C2DEEC8-517D-49B1-810F-12B69E46424D}.Customer|Any CPU.ActiveCfg = DEV_PROD
		{5C2DEEC8-517D-49B1-810F-12B69E46424D}.Customer|Any CPU.Build.0 = DEV_PROD
		{5C2DEEC8-517D-49B1-810F-12B69E46424D}.Customer|x64.ActiveCfg = DEV_PROD
		{5C2DEEC8-517D-49B1-810F-12B69E46424D}.Customer|x64.Build.0 = DEV_PROD
		{5C2DEEC8-517D-49B1-810F-12B69E46424D}.Customer|x86.ActiveCfg = DEV_PROD
		{5C2DEEC8-517D-49B1-810F-12B69E46424D}.Customer|x86.Build.0 = DEV_PROD
		{5C2DEEC8-517D-49B1-810F-12B69E46424D}.Customer-Cloud|Any CPU.ActiveCfg = DEV_PROD
		{5C2DEEC8-517D-49B1-810F-12B69E46424D}.Customer-Cloud|Any CPU.Build.0 = DEV_PROD
		{5C2DEEC8-517D-49B1-810F-12B69E46424D}.Customer-Cloud|x64.ActiveCfg = DEV_PROD
		{5C2DEEC8-517D-49B1-810F-12B69E46424D}.Customer-Cloud|x64.Build.0 = DEV_PROD
		{5C2DEEC8-517D-49B1-810F-12B69E46424D}.Customer-Cloud|x86.ActiveCfg = DEV_PROD
		{5C2DEEC8-517D-49B1-810F-12B69E46424D}.Customer-Cloud|x86.Build.0 = DEV_PROD
		{5C2DEEC8-517D-49B1-810F-12B69E46424D}.Debug|Any CPU.ActiveCfg = Debug
		{5C2DEEC8-517D-49B1-810F-12B69E46424D}.Debug|Any CPU.Build.0 = Debug
		{5C2DEEC8-517D-49B1-810F-12B69E46424D}.Debug|x64.ActiveCfg = Debug
		{5C2DEEC8-517D-49B1-810F-12B69E46424D}.Debug|x64.Build.0 = Debug
		{5C2DEEC8-517D-49B1-810F-12B69E46424D}.Debug|x86.ActiveCfg = Debug
		{5C2DEEC8-517D-49B1-810F-12B69E46424D}.Debug|x86.Build.0 = Debug
		{5C2DEEC8-517D-49B1-810F-12B69E46424D}.DEV_PROD|Any CPU.ActiveCfg = DEV_PROD
		{5C2DEEC8-517D-49B1-810F-12B69E46424D}.DEV_PROD|Any CPU.Build.0 = DEV_PROD
		{5C2DEEC8-517D-49B1-810F-12B69E46424D}.DEV_PROD|x64.ActiveCfg = DEV_PROD
		{5C2DEEC8-517D-49B1-810F-12B69E46424D}.DEV_PROD|x64.Build.0 = DEV_PROD
		{5C2DEEC8-517D-49B1-810F-12B69E46424D}.DEV_PROD|x86.ActiveCfg = DEV_PROD
		{5C2DEEC8-517D-49B1-810F-12B69E46424D}.DEV_PROD|x86.Build.0 = DEV_PROD
		{5C2DEEC8-517D-49B1-810F-12B69E46424D}.DEV_QA|Any CPU.ActiveCfg = DEV_QA
		{5C2DEEC8-517D-49B1-810F-12B69E46424D}.DEV_QA|Any CPU.Build.0 = DEV_QA
		{5C2DEEC8-517D-49B1-810F-12B69E46424D}.DEV_QA|x64.ActiveCfg = DEV_QA
		{5C2DEEC8-517D-49B1-810F-12B69E46424D}.DEV_QA|x64.Build.0 = DEV_QA
		{5C2DEEC8-517D-49B1-810F-12B69E46424D}.DEV_QA|x86.ActiveCfg = DEV_QA
		{5C2DEEC8-517D-49B1-810F-12B69E46424D}.DEV_QA|x86.Build.0 = DEV_QA
		{5C2DEEC8-517D-49B1-810F-12B69E46424D}.Release|Any CPU.ActiveCfg = Release
		{5C2DEEC8-517D-49B1-810F-12B69E46424D}.Release|Any CPU.Build.0 = Release
		{5C2DEEC8-517D-49B1-810F-12B69E46424D}.Release|x64.ActiveCfg = Release
		{5C2DEEC8-517D-49B1-810F-12B69E46424D}.Release|x64.Build.0 = Release
		{5C2DEEC8-517D-49B1-810F-12B69E46424D}.Release|x86.ActiveCfg = Release
		{5C2DEEC8-517D-49B1-810F-12B69E46424D}.Release|x86.Build.0 = Release
		{5C2DEEC8-517D-49B1-810F-12B69E46424D}.Support|Any CPU.ActiveCfg = DEV_PROD
		{5C2DEEC8-517D-49B1-810F-12B69E46424D}.Support|Any CPU.Build.0 = DEV_PROD
		{5C2DEEC8-517D-49B1-810F-12B69E46424D}.Support|x64.ActiveCfg = DEV_PROD
		{5C2DEEC8-517D-49B1-810F-12B69E46424D}.Support|x64.Build.0 = DEV_PROD
		{5C2DEEC8-517D-49B1-810F-12B69E46424D}.Support|x86.ActiveCfg = DEV_PROD
		{5C2DEEC8-517D-49B1-810F-12B69E46424D}.Support|x86.Build.0 = DEV_PROD
		{5C2DEEC8-517D-49B1-810F-12B69E46424D}.UAT_PROD|Any CPU.ActiveCfg = UAT_PROD
		{5C2DEEC8-517D-49B1-810F-12B69E46424D}.UAT_PROD|Any CPU.Build.0 = UAT_PROD
		{5C2DEEC8-517D-49B1-810F-12B69E46424D}.UAT_PROD|x64.ActiveCfg = UAT_PROD
		{5C2DEEC8-517D-49B1-810F-12B69E46424D}.UAT_PROD|x64.Build.0 = UAT_PROD
		{5C2DEEC8-517D-49B1-810F-12B69E46424D}.UAT_PROD|x86.ActiveCfg = UAT_PROD
		{5C2DEEC8-517D-49B1-810F-12B69E46424D}.UAT_PROD|x86.Build.0 = UAT_PROD
		{5C2DEEC8-517D-49B1-810F-12B69E46424D}.UAT_QA|Any CPU.ActiveCfg = UAT_QA
		{5C2DEEC8-517D-49B1-810F-12B69E46424D}.UAT_QA|Any CPU.Build.0 = UAT_QA
		{5C2DEEC8-517D-49B1-810F-12B69E46424D}.UAT_QA|x64.ActiveCfg = UAT_QA
		{5C2DEEC8-517D-49B1-810F-12B69E46424D}.UAT_QA|x64.Build.0 = UAT_QA
		{5C2DEEC8-517D-49B1-810F-12B69E46424D}.UAT_QA|x86.ActiveCfg = UAT_QA
		{5C2DEEC8-517D-49B1-810F-12B69E46424D}.UAT_QA|x86.Build.0 = UAT_QA
	EndGlobalSection
	GlobalSection(SolutionProperties) = preSolution
		HideSolutionNode = FALSE
	EndGlobalSection
	GlobalSection(ExtensibilityGlobals) = postSolution
		SolutionGuid = {51F81F3F-241A-4ADD-AB97-3EA8F4FC87AF}
	EndGlobalSection
EndGlobal
